
Microsoft Visual Studio Solution File, Format Version 12.00
Project("{FAE04EC0-301F-11D3-BF4B-00C04F79EFBC}") = "TodoApp.WebApp", "TodoApp.WebApp\TodoApp.WebApp.csproj", "{1A5784DC-FF1A-4ACD-B71E-55E78E4AEEE9}"
EndProject
Project("{FAE04EC0-301F-11D3-BF4B-00C04F79EFBC}") = "TodoApp.Infrastructure", "TodoApp.Infrastructure\TodoApp.Infrastructure.csproj", "{C9B2009F-9FBE-4542-B291-D46615F02344}"
EndProject
Project("{FAE04EC0-301F-11D3-BF4B-00C04F79EFBC}") = "TodoApp.DbInterop", "TodoApp.DbInterop\TodoApp.DbInterop.csproj", "{E78C57EA-253A-4718-B91E-031B9CF1FB19}"
EndProject
Global
	GlobalSection(SolutionConfigurationPlatforms) = preSolution
		Debug|Any CPU = Debug|Any CPU
		Release|Any CPU = Release|Any CPU
	EndGlobalSection
	GlobalSection(ProjectConfigurationPlatforms) = postSolution
		{1A5784DC-FF1A-4ACD-B71E-55E78E4AEEE9}.Debug|Any CPU.ActiveCfg = Debug|Any CPU
		{1A5784DC-FF1A-4ACD-B71E-55E78E4AEEE9}.Debug|Any CPU.Build.0 = Debug|Any CPU
		{1A5784DC-FF1A-4ACD-B71E-55E78E4AEEE9}.Release|Any CPU.ActiveCfg = Release|Any CPU
		{1A5784DC-FF1A-4ACD-B71E-55E78E4AEEE9}.Release|Any CPU.Build.0 = Release|Any CPU
		{C9B2009F-9FBE-4542-B291-D46615F02344}.Debug|Any CPU.ActiveCfg = Debug|Any CPU
		{C9B2009F-9FBE-4542-B291-D46615F02344}.Debug|Any CPU.Build.0 = Debug|Any CPU
		{C9B2009F-9FBE-4542-B291-D46615F02344}.Release|Any CPU.ActiveCfg = Release|Any CPU
		{C9B2009F-9FBE-4542-B291-D46615F02344}.Release|Any CPU.Build.0 = Release|Any CPU
		{E78C57EA-253A-4718-B91E-031B9CF1FB19}.Debug|Any CPU.ActiveCfg = Debug|Any CPU
		{E78C57EA-253A-4718-B91E-031B9CF1FB19}.Debug|Any CPU.Build.0 = Debug|Any CPU
		{E78C57EA-253A-4718-B91E-031B9CF1FB19}.Release|Any CPU.ActiveCfg = Release|Any CPU
		{E78C57EA-253A-4718-B91E-031B9CF1FB19}.Release|Any CPU.Build.0 = Release|Any CPU
	EndGlobalSection
EndGlobal
