
Microsoft Visual Studio Solution File, Format Version 12.00
# Visual Studio Version 17
VisualStudioVersion = 17.0.31606.5
MinimumVisualStudioVersion = 10.0.40219.1
Project("{9A19103F-16F7-4668-BE54-9A1E7A4F7556}") = "TodoApp.WebApp", "TodoApp.WebApp\TodoApp.WebApp.csproj", "{1A5784DC-FF1A-4ACD-B71E-55E78E4AEEE9}"
EndProject
Project("{9A19103F-16F7-4668-BE54-9A1E7A4F7556}") = "TodoApp.Infrastructure", "TodoApp.Infrastructure\TodoApp.Infrastructure.csproj", "{C9B2009F-9FBE-4542-B291-D46615F02344}"
EndProject
Project("{9A19103F-16F7-4668-BE54-9A1E7A4F7556}") = "TodoApp.DbInterop", "TodoApp.DbInterop\TodoApp.DbInterop.csproj", "{E78C57EA-253A-4718-B91E-031B9CF1FB19}"
EndProject
Project("{9A19103F-16F7-4668-BE54-9A1E7A4F7556}") = "TodoApp.DesktopClient", "TodoApp.DesktopClient\TodoApp.DesktopClient.csproj", "{7858A157-A2A4-4ADB-A0F8-E3BDF1C7B384}"
EndProject
Project("{2150E333-8FDC-42A3-9474-1A3956D46DE8}") = "Solution Items", "Solution Items", "{F7C63936-3252-4396-A6A0-67BCB221548E}"
	ProjectSection(SolutionItems) = preProject
		.editorconfig = .editorconfig
	EndProjectSection
EndProject
Project("{9A19103F-16F7-4668-BE54-9A1E7A4F7556}") = "TodoApp.MobileClient", "TodoApp.MobileClient\TodoApp.MobileClient\TodoApp.MobileClient.csproj", "{724A49B5-89EF-4500-BCD4-B24D2EE6BFC0}"
EndProject
Project("{FAE04EC0-301F-11D3-BF4B-00C04F79EFBC}") = "TodoApp.MobileClient.Android", "TodoApp.MobileClient\TodoApp.MobileClient.Android\TodoApp.MobileClient.Android.csproj", "{FFCA6A9B-828E-4BB8-A310-1BB7541D01CB}"
EndProject
Project("{9A19103F-16F7-4668-BE54-9A1E7A4F7556}") = "TodoApp.ServerInterop", "TodoApp.ServerInterop\TodoApp.ServerInterop.csproj", "{B699BF26-52C8-4CC2-8390-C73CBD23300C}"
EndProject
Project("{FAE04EC0-301F-11D3-BF4B-00C04F79EFBC}") = "TodoApp.ClientLocalDb", "TodoApp.ClientLocalDb\TodoApp.ClientLocalDb.csproj", "{27A517A6-3057-42A3-9463-28D3A70A3931}"
EndProject
Global
	GlobalSection(SolutionConfigurationPlatforms) = preSolution
		Debug|Any CPU = Debug|Any CPU
		Release|Any CPU = Release|Any CPU
	EndGlobalSection
	GlobalSection(ProjectConfigurationPlatforms) = postSolution
		{1A5784DC-FF1A-4ACD-B71E-55E78E4AEEE9}.Debug|Any CPU.ActiveCfg = Debug|Any CPU
		{1A5784DC-FF1A-4ACD-B71E-55E78E4AEEE9}.Debug|Any CPU.Build.0 = Debug|Any CPU
		{1A5784DC-FF1A-4ACD-B71E-55E78E4AEEE9}.Release|Any CPU.ActiveCfg = Release|Any CPU
		{1A5784DC-FF1A-4ACD-B71E-55E78E4AEEE9}.Release|Any CPU.Build.0 = Release|Any CPU
		{C9B2009F-9FBE-4542-B291-D46615F02344}.Debug|Any CPU.ActiveCfg = Debug|Any CPU
		{C9B2009F-9FBE-4542-B291-D46615F02344}.Debug|Any CPU.Build.0 = Debug|Any CPU
		{C9B2009F-9FBE-4542-B291-D46615F02344}.Release|Any CPU.ActiveCfg = Release|Any CPU
		{C9B2009F-9FBE-4542-B291-D46615F02344}.Release|Any CPU.Build.0 = Release|Any CPU
		{E78C57EA-253A-4718-B91E-031B9CF1FB19}.Debug|Any CPU.ActiveCfg = Debug|Any CPU
		{E78C57EA-253A-4718-B91E-031B9CF1FB19}.Debug|Any CPU.Build.0 = Debug|Any CPU
		{E78C57EA-253A-4718-B91E-031B9CF1FB19}.Release|Any CPU.ActiveCfg = Release|Any CPU
		{E78C57EA-253A-4718-B91E-031B9CF1FB19}.Release|Any CPU.Build.0 = Release|Any CPU
		{7858A157-A2A4-4ADB-A0F8-E3BDF1C7B384}.Debug|Any CPU.ActiveCfg = Debug|Any CPU
		{7858A157-A2A4-4ADB-A0F8-E3BDF1C7B384}.Debug|Any CPU.Build.0 = Debug|Any CPU
		{7858A157-A2A4-4ADB-A0F8-E3BDF1C7B384}.Release|Any CPU.ActiveCfg = Release|Any CPU
		{7858A157-A2A4-4ADB-A0F8-E3BDF1C7B384}.Release|Any CPU.Build.0 = Release|Any CPU
		{724A49B5-89EF-4500-BCD4-B24D2EE6BFC0}.Debug|Any CPU.ActiveCfg = Debug|Any CPU
		{724A49B5-89EF-4500-BCD4-B24D2EE6BFC0}.Debug|Any CPU.Build.0 = Debug|Any CPU
		{724A49B5-89EF-4500-BCD4-B24D2EE6BFC0}.Release|Any CPU.ActiveCfg = Release|Any CPU
		{724A49B5-89EF-4500-BCD4-B24D2EE6BFC0}.Release|Any CPU.Build.0 = Release|Any CPU
		{FFCA6A9B-828E-4BB8-A310-1BB7541D01CB}.Debug|Any CPU.ActiveCfg = Debug|Any CPU
		{FFCA6A9B-828E-4BB8-A310-1BB7541D01CB}.Debug|Any CPU.Build.0 = Debug|Any CPU
		{FFCA6A9B-828E-4BB8-A310-1BB7541D01CB}.Debug|Any CPU.Deploy.0 = Debug|Any CPU
		{FFCA6A9B-828E-4BB8-A310-1BB7541D01CB}.Release|Any CPU.ActiveCfg = Release|Any CPU
		{FFCA6A9B-828E-4BB8-A310-1BB7541D01CB}.Release|Any CPU.Build.0 = Release|Any CPU
		{FFCA6A9B-828E-4BB8-A310-1BB7541D01CB}.Release|Any CPU.Deploy.0 = Release|Any CPU
		{B699BF26-52C8-4CC2-8390-C73CBD23300C}.Debug|Any CPU.ActiveCfg = Debug|Any CPU
		{B699BF26-52C8-4CC2-8390-C73CBD23300C}.Debug|Any CPU.Build.0 = Debug|Any CPU
		{B699BF26-52C8-4CC2-8390-C73CBD23300C}.Release|Any CPU.ActiveCfg = Release|Any CPU
		{B699BF26-52C8-4CC2-8390-C73CBD23300C}.Release|Any CPU.Build.0 = Release|Any CPU
		{27A517A6-3057-42A3-9463-28D3A70A3931}.Debug|Any CPU.ActiveCfg = Debug|Any CPU
		{27A517A6-3057-42A3-9463-28D3A70A3931}.Debug|Any CPU.Build.0 = Debug|Any CPU
		{27A517A6-3057-42A3-9463-28D3A70A3931}.Release|Any CPU.ActiveCfg = Release|Any CPU
		{27A517A6-3057-42A3-9463-28D3A70A3931}.Release|Any CPU.Build.0 = Release|Any CPU
	EndGlobalSection
	GlobalSection(SolutionProperties) = preSolution
		HideSolutionNode = FALSE
	EndGlobalSection
	GlobalSection(ExtensibilityGlobals) = postSolution
		SolutionGuid = {033800C4-FCFC-4E2C-A724-B6D11B06B51C}
	EndGlobalSection
EndGlobal
